
Microsoft Visual Studio Solution File, Format Version 12.00
# Visual Studio Version 16
VisualStudioVersion = 16.0.31321.278
MinimumVisualStudioVersion = 10.0.40219.1
Project("{FAE04EC0-301F-11D3-BF4B-00C04F79EFBC}") = "StudentAdminPortal.API", "StudentAdminPortal.API\StudentAdminPortal.API.csproj", "{30EC7C5A-E66A-4757-9ADA-DBA691B7D0AF}"
EndProject
Global
	GlobalSection(SolutionConfigurationPlatforms) = preSolution
		Debug|Any CPU = Debug|Any CPU
		Release|Any CPU = Release|Any CPU
	EndGlobalSection
	GlobalSection(ProjectConfigurationPlatforms) = postSolution
		{30EC7C5A-E66A-4757-9ADA-DBA691B7D0AF}.Debug|Any CPU.ActiveCfg = Debug|Any CPU
		{30EC7C5A-E66A-4757-9ADA-DBA691B7D0AF}.Debug|Any CPU.Build.0 = Debug|Any CPU
		{30EC7C5A-E66A-4757-9ADA-DBA691B7D0AF}.Release|Any CPU.ActiveCfg = Release|Any CPU
		{30EC7C5A-E66A-4757-9ADA-DBA691B7D0AF}.Release|Any CPU.Build.0 = Release|Any CPU
	EndGlobalSection
	GlobalSection(SolutionProperties) = preSolution
		HideSolutionNode = FALSE
	EndGlobalSection
	GlobalSection(ExtensibilityGlobals) = postSolution
		SolutionGuid = {924D64B8-11D2-495C-BEEE-D225F5EF7545}
	EndGlobalSection
EndGlobal
